
Microsoft Visual Studio Solution File, Format Version 10.00
# Visual Studio 2008
Project("{2150E333-8FDC-42A3-9474-1A3956D46DE8}") = "Factories", "Factories", "{1FB33E3D-6E2B-419D-AA7A-0266B8DE4C28}"
EndProject
Project("{8BC9CEB8-8B4A-11D0-8D11-00A0C91BC942}") = "BoxFactory", "BoxFactory\BoxFactory.vcproj", "{4707F673-E046-4DEA-B397-B4B9233636EB}"
	ProjectSection(ProjectDependencies) = postProject
		{CECF4DD1-DD88-4446-B0CB-4D75274E5691} = {CECF4DD1-DD88-4446-B0CB-4D75274E5691}
	EndProjectSection
EndProject
Project("{8BC9CEB8-8B4A-11D0-8D11-00A0C91BC942}") = "Main", "Main\Main.vcproj", "{2084A3BC-9252-4537-8967-19E5989B003B}"
	ProjectSection(ProjectDependencies) = postProject
		{CECF4DD1-DD88-4446-B0CB-4D75274E5691} = {CECF4DD1-DD88-4446-B0CB-4D75274E5691}
	EndProjectSection
EndProject
Project("{8BC9CEB8-8B4A-11D0-8D11-00A0C91BC942}") = "Fusion", "Engine\Engine.vcproj", "{CECF4DD1-DD88-4446-B0CB-4D75274E5691}"
EndProject
Project("{8BC9CEB8-8B4A-11D0-8D11-00A0C91BC942}") = "SphereFactory", "SphereFactory\SphereFactory.vcproj", "{E30DBE1B-608E-4EF8-8BF2-2766B4A199FF}"
	ProjectSection(ProjectDependencies) = postProject
		{CECF4DD1-DD88-4446-B0CB-4D75274E5691} = {CECF4DD1-DD88-4446-B0CB-4D75274E5691}
	EndProjectSection
EndProject
Project("{8BC9CEB8-8B4A-11D0-8D11-00A0C91BC942}") = "VehicleFactory", "CarFactory\CarFactory.vcproj", "{A9656556-AE2C-4605-BD84-CE5F12BBEC06}"
	ProjectSection(ProjectDependencies) = postProject
		{CECF4DD1-DD88-4446-B0CB-4D75274E5691} = {CECF4DD1-DD88-4446-B0CB-4D75274E5691}
	EndProjectSection
EndProject
Project("{8BC9CEB8-8B4A-11D0-8D11-00A0C91BC942}") = "CylinderFactory", "Cylinder\Cylinder.vcproj", "{1BD2CDE9-5CA9-4505-B2FC-CFBABF6BFC43}"
	ProjectSection(ProjectDependencies) = postProject
		{CECF4DD1-DD88-4446-B0CB-4D75274E5691} = {CECF4DD1-DD88-4446-B0CB-4D75274E5691}
	EndProjectSection
EndProject
Global
	GlobalSection(SolutionConfigurationPlatforms) = preSolution
		Debug|Win32 = Debug|Win32
		Release|Win32 = Release|Win32
	EndGlobalSection
	GlobalSection(ProjectConfigurationPlatforms) = postSolution
		{4707F673-E046-4DEA-B397-B4B9233636EB}.Debug|Win32.ActiveCfg = Debug|Win32
		{4707F673-E046-4DEA-B397-B4B9233636EB}.Debug|Win32.Build.0 = Debug|Win32
		{4707F673-E046-4DEA-B397-B4B9233636EB}.Release|Win32.ActiveCfg = Release|Win32
		{4707F673-E046-4DEA-B397-B4B9233636EB}.Release|Win32.Build.0 = Release|Win32
		{2084A3BC-9252-4537-8967-19E5989B003B}.Debug|Win32.ActiveCfg = Debug|Win32
		{2084A3BC-9252-4537-8967-19E5989B003B}.Debug|Win32.Build.0 = Debug|Win32
		{2084A3BC-9252-4537-8967-19E5989B003B}.Release|Win32.ActiveCfg = Release|Win32
		{2084A3BC-9252-4537-8967-19E5989B003B}.Release|Win32.Build.0 = Release|Win32
		{CECF4DD1-DD88-4446-B0CB-4D75274E5691}.Debug|Win32.ActiveCfg = Debug|Win32
		{CECF4DD1-DD88-4446-B0CB-4D75274E5691}.Debug|Win32.Build.0 = Debug|Win32
		{CECF4DD1-DD88-4446-B0CB-4D75274E5691}.Release|Win32.ActiveCfg = Release|Win32
		{CECF4DD1-DD88-4446-B0CB-4D75274E5691}.Release|Win32.Build.0 = Release|Win32
		{E30DBE1B-608E-4EF8-8BF2-2766B4A199FF}.Debug|Win32.ActiveCfg = Debug|Win32
		{E30DBE1B-608E-4EF8-8BF2-2766B4A199FF}.Debug|Win32.Build.0 = Debug|Win32
		{E30DBE1B-608E-4EF8-8BF2-2766B4A199FF}.Release|Win32.ActiveCfg = Release|Win32
		{E30DBE1B-608E-4EF8-8BF2-2766B4A199FF}.Release|Win32.Build.0 = Release|Win32
		{A9656556-AE2C-4605-BD84-CE5F12BBEC06}.Debug|Win32.ActiveCfg = Debug|Win32
		{A9656556-AE2C-4605-BD84-CE5F12BBEC06}.Debug|Win32.Build.0 = Debug|Win32
		{A9656556-AE2C-4605-BD84-CE5F12BBEC06}.Release|Win32.ActiveCfg = Release|Win32
		{A9656556-AE2C-4605-BD84-CE5F12BBEC06}.Release|Win32.Build.0 = Release|Win32
		{1BD2CDE9-5CA9-4505-B2FC-CFBABF6BFC43}.Debug|Win32.ActiveCfg = Debug|Win32
		{1BD2CDE9-5CA9-4505-B2FC-CFBABF6BFC43}.Debug|Win32.Build.0 = Debug|Win32
		{1BD2CDE9-5CA9-4505-B2FC-CFBABF6BFC43}.Release|Win32.ActiveCfg = Release|Win32
		{1BD2CDE9-5CA9-4505-B2FC-CFBABF6BFC43}.Release|Win32.Build.0 = Release|Win32
	EndGlobalSection
	GlobalSection(SolutionProperties) = preSolution
		HideSolutionNode = FALSE
	EndGlobalSection
	GlobalSection(NestedProjects) = preSolution
		{4707F673-E046-4DEA-B397-B4B9233636EB} = {1FB33E3D-6E2B-419D-AA7A-0266B8DE4C28}
		{E30DBE1B-608E-4EF8-8BF2-2766B4A199FF} = {1FB33E3D-6E2B-419D-AA7A-0266B8DE4C28}
		{A9656556-AE2C-4605-BD84-CE5F12BBEC06} = {1FB33E3D-6E2B-419D-AA7A-0266B8DE4C28}
		{1BD2CDE9-5CA9-4505-B2FC-CFBABF6BFC43} = {1FB33E3D-6E2B-419D-AA7A-0266B8DE4C28}
	EndGlobalSection
EndGlobal
